
Microsoft Visual Studio Solution File, Format Version 12.00
# Visual Studio 15
VisualStudioVersion = 15.0.28307.106
MinimumVisualStudioVersion = 10.0.40219.1
Project("{FAE04EC0-301F-11D3-BF4B-00C04F79EFBC}") = "AdventOfCode", "AdventOfCode\AdventOfCode.csproj", "{6FA0883D-273D-45B9-BA7F-2956CEA909B9}"
EndProject
Project("{FAE04EC0-301F-11D3-BF4B-00C04F79EFBC}") = "AdventOfCode.Tests", "AdventOfCode.Tests\AdventOfCode.Tests.csproj", "{623829A2-2F2C-4816-92E5-BEC30B9A9ADC}"
EndProject
Global
	GlobalSection(SolutionConfigurationPlatforms) = preSolution
		Debug|Any CPU = Debug|Any CPU
		Release|Any CPU = Release|Any CPU
	EndGlobalSection
	GlobalSection(ProjectConfigurationPlatforms) = postSolution
		{6FA0883D-273D-45B9-BA7F-2956CEA909B9}.Debug|Any CPU.ActiveCfg = Debug|Any CPU
		{6FA0883D-273D-45B9-BA7F-2956CEA909B9}.Debug|Any CPU.Build.0 = Debug|Any CPU
		{6FA0883D-273D-45B9-BA7F-2956CEA909B9}.Release|Any CPU.ActiveCfg = Release|Any CPU
		{6FA0883D-273D-45B9-BA7F-2956CEA909B9}.Release|Any CPU.Build.0 = Release|Any CPU
		{623829A2-2F2C-4816-92E5-BEC30B9A9ADC}.Debug|Any CPU.ActiveCfg = Debug|Any CPU
		{623829A2-2F2C-4816-92E5-BEC30B9A9ADC}.Debug|Any CPU.Build.0 = Debug|Any CPU
		{623829A2-2F2C-4816-92E5-BEC30B9A9ADC}.Release|Any CPU.ActiveCfg = Release|Any CPU
		{623829A2-2F2C-4816-92E5-BEC30B9A9ADC}.Release|Any CPU.Build.0 = Release|Any CPU
	EndGlobalSection
	GlobalSection(SolutionProperties) = preSolution
		HideSolutionNode = FALSE
	EndGlobalSection
	GlobalSection(ExtensibilityGlobals) = postSolution
		SolutionGuid = {E0106497-1AD5-4014-B950-6C37D1A99196}
	EndGlobalSection
EndGlobal
